
Microsoft Visual Studio Solution File, Format Version 12.00
# Visual Studio Version 17
VisualStudioVersion = 17.10.35122.118
MinimumVisualStudioVersion = 10.0.40219.1
Project("{FAE04EC0-301F-11D3-BF4B-00C04F79EFBC}") = "MSSQLCnsole", "MSSQLCnsole\MSSQLCnsole.csproj", "{F4394CDC-1D03-4B25-B90F-802420483E51}"
EndProject
Global
	GlobalSection(SolutionConfigurationPlatforms) = preSolution
		Debug|Any CPU = Debug|Any CPU
		Release|Any CPU = Release|Any CPU
	EndGlobalSection
	GlobalSection(ProjectConfigurationPlatforms) = postSolution
		{F4394CDC-1D03-4B25-B90F-802420483E51}.Debug|Any CPU.ActiveCfg = Debug|Any CPU
		{F4394CDC-1D03-4B25-B90F-802420483E51}.Debug|Any CPU.Build.0 = Debug|Any CPU
		{F4394CDC-1D03-4B25-B90F-802420483E51}.Release|Any CPU.ActiveCfg = Release|Any CPU
		{F4394CDC-1D03-4B25-B90F-802420483E51}.Release|Any CPU.Build.0 = Release|Any CPU
	EndGlobalSection
	GlobalSection(SolutionProperties) = preSolution
		HideSolutionNode = FALSE
	EndGlobalSection
	GlobalSection(ExtensibilityGlobals) = postSolution
		SolutionGuid = {04548409-4AD2-499B-B1D0-3BBD5E1607F1}
	EndGlobalSection
EndGlobal
